// !$*UTF8*$!
{
	archiveVersion = 1;
	classes = {
	};
	objectVersion = 56;
	objects = {

/* Begin PBXBuildFile section */
		B1B4CF142BB7F664008A195F /* AppDelegate.swift in Sources */ = {isa = PBXBuildFile; fileRef = B1B4CF132BB7F664008A195F /* AppDelegate.swift */; };
		B1B4CF162BB7F664008A195F /* SceneDelegate.swift in Sources */ = {isa = PBXBuildFile; fileRef = B1B4CF152BB7F664008A195F /* SceneDelegate.swift */; };
		B1B4CF182BB7F664008A195F /* CurrencyExchangeViewController.swift in Sources */ = {isa = PBXBuildFile; fileRef = B1B4CF172BB7F664008A195F /* CurrencyExchangeViewController.swift */; };
		B1B4CF1B2BB7F664008A195F /* Main.storyboard in Resources */ = {isa = PBXBuildFile; fileRef = B1B4CF192BB7F664008A195F /* Main.storyboard */; };
		B1B4CF1D2BB7F665008A195F /* Assets.xcassets in Resources */ = {isa = PBXBuildFile; fileRef = B1B4CF1C2BB7F665008A195F /* Assets.xcassets */; };
		B1B4CF202BB7F665008A195F /* LaunchScreen.storyboard in Resources */ = {isa = PBXBuildFile; fileRef = B1B4CF1E2BB7F665008A195F /* LaunchScreen.storyboard */; };
		B1CBDB022BB7F9BB0023E324 /* NetworkManager.swift in Sources */ = {isa = PBXBuildFile; fileRef = B1CBDB012BB7F9BB0023E324 /* NetworkManager.swift */; };
		B1CBDB052BB802390023E324 /* ExchangeCurrencyRequest.swift in Sources */ = {isa = PBXBuildFile; fileRef = B1CBDB042BB802390023E324 /* ExchangeCurrencyRequest.swift */; };
/* End PBXBuildFile section */

/* Begin PBXFileReference section */
		B1B4CF102BB7F664008A195F /* CurrenciesConverter.app */ = {isa = PBXFileReference; explicitFileType = wrapper.application; includeInIndex = 0; path = CurrenciesConverter.app; sourceTree = BUILT_PRODUCTS_DIR; };
		B1B4CF132BB7F664008A195F /* AppDelegate.swift */ = {isa = PBXFileReference; lastKnownFileType = sourcecode.swift; path = AppDelegate.swift; sourceTree = "<group>"; };
		B1B4CF152BB7F664008A195F /* SceneDelegate.swift */ = {isa = PBXFileReference; lastKnownFileType = sourcecode.swift; path = SceneDelegate.swift; sourceTree = "<group>"; };
		B1B4CF172BB7F664008A195F /* CurrencyExchangeViewController.swift */ = {isa = PBXFileReference; lastKnownFileType = sourcecode.swift; path = CurrencyExchangeViewController.swift; sourceTree = "<group>"; };
		B1B4CF1A2BB7F664008A195F /* Base */ = {isa = PBXFileReference; lastKnownFileType = file.storyboard; name = Base; path = Base.lproj/Main.storyboard; sourceTree = "<group>"; };
		B1B4CF1C2BB7F665008A195F /* Assets.xcassets */ = {isa = PBXFileReference; lastKnownFileType = folder.assetcatalog; path = Assets.xcassets; sourceTree = "<group>"; };
		B1B4CF1F2BB7F665008A195F /* Base */ = {isa = PBXFileReference; lastKnownFileType = file.storyboard; name = Base; path = Base.lproj/LaunchScreen.storyboard; sourceTree = "<group>"; };
		B1B4CF212BB7F665008A195F /* Info.plist */ = {isa = PBXFileReference; lastKnownFileType = text.plist.xml; path = Info.plist; sourceTree = "<group>"; };
		B1CBDB012BB7F9BB0023E324 /* NetworkManager.swift */ = {isa = PBXFileReference; lastKnownFileType = sourcecode.swift; path = NetworkManager.swift; sourceTree = "<group>"; };
		B1CBDB042BB802390023E324 /* ExchangeCurrencyRequest.swift */ = {isa = PBXFileReference; lastKnownFileType = sourcecode.swift; path = ExchangeCurrencyRequest.swift; sourceTree = "<group>"; };
/* End PBXFileReference section */

/* Begin PBXFrameworksBuildPhase section */
		B1B4CF0D2BB7F664008A195F /* Frameworks */ = {
			isa = PBXFrameworksBuildPhase;
			buildActionMask = 2147483647;
			files = (
			);
			runOnlyForDeploymentPostprocessing = 0;
		};
/* End PBXFrameworksBuildPhase section */

/* Begin PBXGroup section */
		B1B4CF072BB7F664008A195F = {
			isa = PBXGroup;
			children = (
				B1B4CF122BB7F664008A195F /* CurrenciesConverter */,
				B1B4CF112BB7F664008A195F /* Products */,
			);
			sourceTree = "<group>";
		};
		B1B4CF112BB7F664008A195F /* Products */ = {
			isa = PBXGroup;
			children = (
				B1B4CF102BB7F664008A195F /* CurrenciesConverter.app */,
			);
			name = Products;
			sourceTree = "<group>";
		};
		B1B4CF122BB7F664008A195F /* CurrenciesConverter */ = {
			isa = PBXGroup;
			children = (
				B1CBDB002BB7F9A30023E324 /* NetworkManager */,
				B1B4CF292BB7F736008A195F /* Resources */,
				B1B4CF282BB7F727008A195F /* Storyboards */,
				B1B4CF2A2BB7F749008A195F /* Supports */,
				B1B4CF2B2BB7F760008A195F /* ViewControllers */,
			);
			path = CurrenciesConverter;
			sourceTree = "<group>";
		};
		B1B4CF282BB7F727008A195F /* Storyboards */ = {
			isa = PBXGroup;
			children = (
				B1B4CF1E2BB7F665008A195F /* LaunchScreen.storyboard */,
				B1B4CF192BB7F664008A195F /* Main.storyboard */,
			);
			path = Storyboards;
			sourceTree = "<group>";
		};
		B1B4CF292BB7F736008A195F /* Resources */ = {
			isa = PBXGroup;
			children = (
				B1B4CF1C2BB7F665008A195F /* Assets.xcassets */,
			);
			path = Resources;
			sourceTree = "<group>";
		};
		B1B4CF2A2BB7F749008A195F /* Supports */ = {
			isa = PBXGroup;
			children = (
				B1B4CF212BB7F665008A195F /* Info.plist */,
				B1B4CF132BB7F664008A195F /* AppDelegate.swift */,
				B1B4CF152BB7F664008A195F /* SceneDelegate.swift */,
			);
			path = Supports;
			sourceTree = "<group>";
		};
		B1B4CF2B2BB7F760008A195F /* ViewControllers */ = {
			isa = PBXGroup;
			children = (
				B1B4CF172BB7F664008A195F /* CurrencyExchangeViewController.swift */,
			);
			path = ViewControllers;
			sourceTree = "<group>";
		};
		B1CBDB002BB7F9A30023E324 /* NetworkManager */ = {
			isa = PBXGroup;
			children = (
				B1CBDB032BB8021A0023E324 /* Models */,
				B1CBDB012BB7F9BB0023E324 /* NetworkManager.swift */,
			);
			path = NetworkManager;
			sourceTree = "<group>";
		};
		B1CBDB032BB8021A0023E324 /* Models */ = {
			isa = PBXGroup;
			children = (
				B1CBDB042BB802390023E324 /* ExchangeCurrencyRequest.swift */,
			);
			path = Models;
			sourceTree = "<group>";
		};
/* End PBXGroup section */

/* Begin PBXNativeTarget section */
		B1B4CF0F2BB7F664008A195F /* CurrenciesConverter */ = {
			isa = PBXNativeTarget;
			buildConfigurationList = B1B4CF242BB7F665008A195F /* Build configuration list for PBXNativeTarget "CurrenciesConverter" */;
			buildPhases = (
				B1B4CF0C2BB7F664008A195F /* Sources */,
				B1B4CF0D2BB7F664008A195F /* Frameworks */,
				B1B4CF0E2BB7F664008A195F /* Resources */,
			);
			buildRules = (
			);
			dependencies = (
			);
			name = CurrenciesConverter;
			productName = CurrenciesConverter;
			productReference = B1B4CF102BB7F664008A195F /* CurrenciesConverter.app */;
			productType = "com.apple.product-type.application";
		};
/* End PBXNativeTarget section */

/* Begin PBXProject section */
		B1B4CF082BB7F664008A195F /* Project object */ = {
			isa = PBXProject;
			attributes = {
				BuildIndependentTargetsInParallel = 1;
				LastSwiftUpdateCheck = 1510;
				LastUpgradeCheck = 1510;
				TargetAttributes = {
					B1B4CF0F2BB7F664008A195F = {
						CreatedOnToolsVersion = 15.1;
					};
				};
			};
			buildConfigurationList = B1B4CF0B2BB7F664008A195F /* Build configuration list for PBXProject "CurrenciesConverter" */;
			compatibilityVersion = "Xcode 14.0";
			developmentRegion = en;
			hasScannedForEncodings = 0;
			knownRegions = (
				en,
				Base,
			);
			mainGroup = B1B4CF072BB7F664008A195F;
			productRefGroup = B1B4CF112BB7F664008A195F /* Products */;
			projectDirPath = "";
			projectRoot = "";
			targets = (
				B1B4CF0F2BB7F664008A195F /* CurrenciesConverter */,
			);
		};
/* End PBXProject section */

/* Begin PBXResourcesBuildPhase section */
		B1B4CF0E2BB7F664008A195F /* Resources */ = {
			isa = PBXResourcesBuildPhase;
			buildActionMask = 2147483647;
			files = (
				B1B4CF202BB7F665008A195F /* LaunchScreen.storyboard in Resources */,
				B1B4CF1D2BB7F665008A195F /* Assets.xcassets in Resources */,
				B1B4CF1B2BB7F664008A195F /* Main.storyboard in Resources */,
			);
			runOnlyForDeploymentPostprocessing = 0;
		};
/* End PBXResourcesBuildPhase section */

/* Begin PBXSourcesBuildPhase section */
		B1B4CF0C2BB7F664008A195F /* Sources */ = {
			isa = PBXSourcesBuildPhase;
			buildActionMask = 2147483647;
			files = (
				B1CBDB052BB802390023E324 /* ExchangeCurrencyRequest.swift in Sources */,
				B1CBDB022BB7F9BB0023E324 /* NetworkManager.swift in Sources */,
				B1B4CF182BB7F664008A195F /* CurrencyExchangeViewController.swift in Sources */,
				B1B4CF142BB7F664008A195F /* AppDelegate.swift in Sources */,
				B1B4CF162BB7F664008A195F /* SceneDelegate.swift in Sources */,
			);
			runOnlyForDeploymentPostprocessing = 0;
		};
/* End PBXSourcesBuildPhase section */

/* Begin PBXVariantGroup section */
		B1B4CF192BB7F664008A195F /* Main.storyboard */ = {
			isa = PBXVariantGroup;
			children = (
				B1B4CF1A2BB7F664008A195F /* Base */,
			);
			name = Main.storyboard;
			sourceTree = "<group>";
		};
		B1B4CF1E2BB7F665008A195F /* LaunchScreen.storyboard */ = {
			isa = PBXVariantGroup;
			children = (
				B1B4CF1F2BB7F665008A195F /* Base */,
			);
			name = LaunchScreen.storyboard;
			sourceTree = "<group>";
		};
/* End PBXVariantGroup section */

/* Begin XCBuildConfiguration section */
		B1B4CF222BB7F665008A195F /* Debug */ = {
			isa = XCBuildConfiguration;
			buildSettings = {
				ALWAYS_SEARCH_USER_PATHS = NO;
				ASSETCATALOG_COMPILER_GENERATE_SWIFT_ASSET_SYMBOL_EXTENSIONS = YES;
				CLANG_ANALYZER_NONNULL = YES;
				CLANG_ANALYZER_NUMBER_OBJECT_CONVERSION = YES_AGGRESSIVE;
				CLANG_CXX_LANGUAGE_STANDARD = "gnu++20";
				CLANG_ENABLE_MODULES = YES;
				CLANG_ENABLE_OBJC_ARC = YES;
				CLANG_ENABLE_OBJC_WEAK = YES;
				CLANG_WARN_BLOCK_CAPTURE_AUTORELEASING = YES;
				CLANG_WARN_BOOL_CONVERSION = YES;
				CLANG_WARN_COMMA = YES;
				CLANG_WARN_CONSTANT_CONVERSION = YES;
				CLANG_WARN_DEPRECATED_OBJC_IMPLEMENTATIONS = YES;
				CLANG_WARN_DIRECT_OBJC_ISA_USAGE = YES_ERROR;
				CLANG_WARN_DOCUMENTATION_COMMENTS = YES;
				CLANG_WARN_EMPTY_BODY = YES;
				CLANG_WARN_ENUM_CONVERSION = YES;
				CLANG_WARN_INFINITE_RECURSION = YES;
				CLANG_WARN_INT_CONVERSION = YES;
				CLANG_WARN_NON_LITERAL_NULL_CONVERSION = YES;
				CLANG_WARN_OBJC_IMPLICIT_RETAIN_SELF = YES;
				CLANG_WARN_OBJC_LITERAL_CONVERSION = YES;
				CLANG_WARN_OBJC_ROOT_CLASS = YES_ERROR;
				CLANG_WARN_QUOTED_INCLUDE_IN_FRAMEWORK_HEADER = YES;
				CLANG_WARN_RANGE_LOOP_ANALYSIS = YES;
				CLANG_WARN_STRICT_PROTOTYPES = YES;
				CLANG_WARN_SUSPICIOUS_MOVE = YES;
				CLANG_WARN_UNGUARDED_AVAILABILITY = YES_AGGRESSIVE;
				CLANG_WARN_UNREACHABLE_CODE = YES;
				CLANG_WARN__DUPLICATE_METHOD_MATCH = YES;
				COPY_PHASE_STRIP = NO;
				DEBUG_INFORMATION_FORMAT = dwarf;
				ENABLE_STRICT_OBJC_MSGSEND = YES;
				ENABLE_TESTABILITY = YES;
				ENABLE_USER_SCRIPT_SANDBOXING = YES;
				GCC_C_LANGUAGE_STANDARD = gnu17;
				GCC_DYNAMIC_NO_PIC = NO;
				GCC_NO_COMMON_BLOCKS = YES;
				GCC_OPTIMIZATION_LEVEL = 0;
				GCC_PREPROCESSOR_DEFINITIONS = (
					"DEBUG=1",
					"$(inherited)",
				);
				GCC_WARN_64_TO_32_BIT_CONVERSION = YES;
				GCC_WARN_ABOUT_RETURN_TYPE = YES_ERROR;
				GCC_WARN_UNDECLARED_SELECTOR = YES;
				GCC_WARN_UNINITIALIZED_AUTOS = YES_AGGRESSIVE;
				GCC_WARN_UNUSED_FUNCTION = YES;
				GCC_WARN_UNUSED_VARIABLE = YES;
				IPHONEOS_DEPLOYMENT_TARGET = 17.2;
				LOCALIZATION_PREFERS_STRING_CATALOGS = YES;
				MTL_ENABLE_DEBUG_INFO = INCLUDE_SOURCE;
				MTL_FAST_MATH = YES;
				ONLY_ACTIVE_ARCH = YES;
				SDKROOT = iphoneos;
				SWIFT_ACTIVE_COMPILATION_CONDITIONS = "DEBUG $(inherited)";
				SWIFT_OPTIMIZATION_LEVEL = "-Onone";
			};
			name = Debug;
		};
		B1B4CF232BB7F665008A195F /* Release */ = {
			isa = XCBuildConfiguration;
			buildSettings = {
				ALWAYS_SEARCH_USER_PATHS = NO;
				ASSETCATALOG_COMPILER_GENERATE_SWIFT_ASSET_SYMBOL_EXTENSIONS = YES;
				CLANG_ANALYZER_NONNULL = YES;
				CLANG_ANALYZER_NUMBER_OBJECT_CONVERSION = YES_AGGRESSIVE;
				CLANG_CXX_LANGUAGE_STANDARD = "gnu++20";
				CLANG_ENABLE_MODULES = YES;
				CLANG_ENABLE_OBJC_ARC = YES;
				CLANG_ENABLE_OBJC_WEAK = YES;
				CLANG_WARN_BLOCK_CAPTURE_AUTORELEASING = YES;
				CLANG_WARN_BOOL_CONVERSION = YES;
				CLANG_WARN_COMMA = YES;
				CLANG_WARN_CONSTANT_CONVERSION = YES;
				CLANG_WARN_DEPRECATED_OBJC_IMPLEMENTATIONS = YES;
				CLANG_WARN_DIRECT_OBJC_ISA_USAGE = YES_ERROR;
				CLANG_WARN_DOCUMENTATION_COMMENTS = YES;
				CLANG_WARN_EMPTY_BODY = YES;
				CLANG_WARN_ENUM_CONVERSION = YES;
				CLANG_WARN_INFINITE_RECURSION = YES;
				CLANG_WARN_INT_CONVERSION = YES;
				CLANG_WARN_NON_LITERAL_NULL_CONVERSION = YES;
				CLANG_WARN_OBJC_IMPLICIT_RETAIN_SELF = YES;
				CLANG_WARN_OBJC_LITERAL_CONVERSION = YES;
				CLANG_WARN_OBJC_ROOT_CLASS = YES_ERROR;
				CLANG_WARN_QUOTED_INCLUDE_IN_FRAMEWORK_HEADER = YES;
				CLANG_WARN_RANGE_LOOP_ANALYSIS = YES;
				CLANG_WARN_STRICT_PROTOTYPES = YES;
				CLANG_WARN_SUSPICIOUS_MOVE = YES;
				CLANG_WARN_UNGUARDED_AVAILABILITY = YES_AGGRESSIVE;
				CLANG_WARN_UNREACHABLE_CODE = YES;
				CLANG_WARN__DUPLICATE_METHOD_MATCH = YES;
				COPY_PHASE_STRIP = NO;
				DEBUG_INFORMATION_FORMAT = "dwarf-with-dsym";
				ENABLE_NS_ASSERTIONS = NO;
				ENABLE_STRICT_OBJC_MSGSEND = YES;
				ENABLE_USER_SCRIPT_SANDBOXING = YES;
				GCC_C_LANGUAGE_STANDARD = gnu17;
				GCC_NO_COMMON_BLOCKS = YES;
				GCC_WARN_64_TO_32_BIT_CONVERSION = YES;
				GCC_WARN_ABOUT_RETURN_TYPE = YES_ERROR;
				GCC_WARN_UNDECLARED_SELECTOR = YES;
				GCC_WARN_UNINITIALIZED_AUTOS = YES_AGGRESSIVE;
				GCC_WARN_UNUSED_FUNCTION = YES;
				GCC_WARN_UNUSED_VARIABLE = YES;
				IPHONEOS_DEPLOYMENT_TARGET = 17.2;
				LOCALIZATION_PREFERS_STRING_CATALOGS = YES;
				MTL_ENABLE_DEBUG_INFO = NO;
				MTL_FAST_MATH = YES;
				SDKROOT = iphoneos;
				SWIFT_COMPILATION_MODE = wholemodule;
				VALIDATE_PRODUCT = YES;
			};
			name = Release;
		};
		B1B4CF252BB7F665008A195F /* Debug */ = {
			isa = XCBuildConfiguration;
			buildSettings = {
				ASSETCATALOG_COMPILER_APPICON_NAME = AppIcon;
				ASSETCATALOG_COMPILER_GLOBAL_ACCENT_COLOR_NAME = AccentColor;
				CODE_SIGN_STYLE = Automatic;
				CURRENT_PROJECT_VERSION = 1;
				DEVELOPMENT_TEAM = 6VJYRLFV75;
				GENERATE_INFOPLIST_FILE = YES;
				INFOPLIST_FILE = CurrenciesConverter/Supports/Info.plist;
				INFOPLIST_KEY_UIApplicationSupportsIndirectInputEvents = YES;
				INFOPLIST_KEY_UILaunchStoryboardName = LaunchScreen;
				INFOPLIST_KEY_UIMainStoryboardFile = Main;
				INFOPLIST_KEY_UISupportedInterfaceOrientations_iPad = "UIInterfaceOrientationPortrait UIInterfaceOrientationPortraitUpsideDown UIInterfaceOrientationLandscapeLeft UIInterfaceOrientationLandscapeRight";
				INFOPLIST_KEY_UISupportedInterfaceOrientations_iPhone = "UIInterfaceOrientationPortrait UIInterfaceOrientationLandscapeLeft UIInterfaceOrientationLandscapeRight";
				LD_RUNPATH_SEARCH_PATHS = (
					"$(inherited)",
					"@executable_path/Frameworks",
				);
				MARKETING_VERSION = 1.0;
				PRODUCT_BUNDLE_IDENTIFIER = "Anastasiia-Kutniakhova.CurrenciesConverter";
				PRODUCT_NAME = "$(TARGET_NAME)";
				SWIFT_EMIT_LOC_STRINGS = YES;
				SWIFT_VERSION = 5.0;
				TARGETED_DEVICE_FAMILY = "1,2";
			};
			name = Debug;
		};
		B1B4CF262BB7F665008A195F /* Release */ = {
			isa = XCBuildConfiguration;
			buildSettings = {
				ASSETCATALOG_COMPILER_APPICON_NAME = AppIcon;
				ASSETCATALOG_COMPILER_GLOBAL_ACCENT_COLOR_NAME = AccentColor;
				CODE_SIGN_STYLE = Automatic;
				CURRENT_PROJECT_VERSION = 1;
				DEVELOPMENT_TEAM = 6VJYRLFV75;
				GENERATE_INFOPLIST_FILE = YES;
				INFOPLIST_FILE = CurrenciesConverter/Supports/Info.plist;
				INFOPLIST_KEY_UIApplicationSupportsIndirectInputEvents = YES;
				INFOPLIST_KEY_UILaunchStoryboardName = LaunchScreen;
				INFOPLIST_KEY_UIMainStoryboardFile = Main;
				INFOPLIST_KEY_UISupportedInterfaceOrientations_iPad = "UIInterfaceOrientationPortrait UIInterfaceOrientationPortraitUpsideDown UIInterfaceOrientationLandscapeLeft UIInterfaceOrientationLandscapeRight";
				INFOPLIST_KEY_UISupportedInterfaceOrientations_iPhone = "UIInterfaceOrientationPortrait UIInterfaceOrientationLandscapeLeft UIInterfaceOrientationLandscapeRight";
				LD_RUNPATH_SEARCH_PATHS = (
					"$(inherited)",
					"@executable_path/Frameworks",
				);
				MARKETING_VERSION = 1.0;
				PRODUCT_BUNDLE_IDENTIFIER = "Anastasiia-Kutniakhova.CurrenciesConverter";
				PRODUCT_NAME = "$(TARGET_NAME)";
				SWIFT_EMIT_LOC_STRINGS = YES;
				SWIFT_VERSION = 5.0;
				TARGETED_DEVICE_FAMILY = "1,2";
			};
			name = Release;
		};
/* End XCBuildConfiguration section */

/* Begin XCConfigurationList section */
		B1B4CF0B2BB7F664008A195F /* Build configuration list for PBXProject "CurrenciesConverter" */ = {
			isa = XCConfigurationList;
			buildConfigurations = (
				B1B4CF222BB7F665008A195F /* Debug */,
				B1B4CF232BB7F665008A195F /* Release */,
			);
			defaultConfigurationIsVisible = 0;
			defaultConfigurationName = Release;
		};
		B1B4CF242BB7F665008A195F /* Build configuration list for PBXNativeTarget "CurrenciesConverter" */ = {
			isa = XCConfigurationList;
			buildConfigurations = (
				B1B4CF252BB7F665008A195F /* Debug */,
				B1B4CF262BB7F665008A195F /* Release */,
			);
			defaultConfigurationIsVisible = 0;
			defaultConfigurationName = Release;
		};
/* End XCConfigurationList section */
	};
	rootObject = B1B4CF082BB7F664008A195F /* Project object */;
}
